<?xml version="1.0" encoding="utf-8"?>
<Project ToolsVersion="12.0" xmlns="http://schemas.microsoft.com/developer/msbuild/2003">
  <ItemGroup>
    <ClCompile Include="Engine\AnimatedSprite.cpp">
      <Filter>Engine</Filter>
    </ClCompile>
    <ClCompile Include="Engine\Game.cpp">
      <Filter>Engine</Filter>
    </ClCompile>
    <ClCompile Include="Engine\GameObject.cpp">
      <Filter>Engine</Filter>
    </ClCompile>
    <ClCompile Include="Engine\Scene.cpp">
      <Filter>Engine</Filter>
    </ClCompile>
    <ClCompile Include="TextObject.cpp">
      <Filter>Engine</Filter>
    </ClCompile>
    <ClCompile Include="MyGame.cpp" />
    <ClCompile Include="GameScene.cpp" />
    <ClCompile Include="Obstacle.cpp" />
    <ClCompile Include="GameObjectTemplate.cpp">
      <Filter>Resources</Filter>
    </ClCompile>
    <ClCompile Include="PlayingField.cpp" />
    <ClCompile Include="SelectionBox.cpp" />
    <ClCompile Include="Tower.cpp" />
    <ClCompile Include="DefenseBot.cpp" />
    <ClCompile Include="OffenseBot.cpp" />
    <ClCompile Include="OffenseBotSpawner.cpp" />
    <ClCompile Include="Projectile.cpp" />
    <ClCompile Include="ProjectileTrailObject.cpp" />
    <ClCompile Include="Credits.cpp" />
    <ClCompile Include="Score.cpp" />
    <ClCompile Include="ScoringProjectile.cpp" />
    <ClCompile Include="Wave.cpp" />
    <ClCompile Include="EndingScene.cpp" />
    <ClCompile Include="EndingText.cpp" />
    <ClCompile Include="TowerGhost.cpp" />
    <ClCompile Include="BombProjectile.cpp" />
    <ClCompile Include="BombExplosion.cpp" />
    <ClCompile Include="BotExplosion.cpp" />
    <ClCompile Include="PenaltyTimerText.cpp" />
    <ClCompile Include="IntroScene.cpp" />
    <ClCompile Include="IntroText.cpp" />
  </ItemGroup>
  <ItemGroup>
    <ClInclude Include="Engine\AnimatedSprite.h">
      <Filter>Engine</Filter>
    </ClInclude>
    <ClInclude Include="Engine\Game.h">
      <Filter>Engine</Filter>
    </ClInclude>
    <ClInclude Include="Engine\GameEngine.h">
      <Filter>Engine</Filter>
    </ClInclude>
    <ClInclude Include="Engine\GameObject.h">
      <Filter>Engine</Filter>
    </ClInclude>
    <ClInclude Include="Engine\Scene.h">
      <Filter>Engine</Filter>
    </ClInclude>
    <ClInclude Include="TextObject.h">
      <Filter>Engine</Filter>
    </ClInclude>
    <ClInclude Include="GameScene.h" />
    <ClInclude Include="Obstacle.h" />
    <ClInclude Include="GameObjectTemplate.h">
      <Filter>Resources</Filter>
    </ClInclude>
    <ClInclude Include="PlayingField.h" />
    <ClInclude Include="SelectionBox.h" />
    <ClInclude Include="Tower.h" />
    <ClInclude Include="DefenseBot.h" />
    <ClInclude Include="OffenseBot.h" />
    <ClInclude Include="OffenseBotSpawner.h" />
    <ClInclude Include="Projectile.h" />
    <ClInclude Include="ProjectileTrailObject.h" />
    <ClInclude Include="Credits.h" />
    <ClInclude Include="Score.h" />
    <ClInclude Include="ScoringProjectile.h" />
    <ClInclude Include="Wave.h" />
    <ClInclude Include="EndingScene.h" />
    <ClInclude Include="EndingText.h" />
    <ClInclude Include="TowerGhost.h" />
    <ClInclude Include="BombProjectile.h" />
    <ClInclude Include="BombExplosion.h" />
    <ClInclude Include="BotExplosion.h" />
    <ClInclude Include="PenaltyTimerText.h" />
    <ClInclude Include="IntroScene.h" />
    <ClInclude Include="IntroText.h" />
  </ItemGroup>
  <ItemGroup>
    <Filter Include="Engine">
      <UniqueIdentifier>{12d3def4-141e-4612-818a-39da16cf0063}</UniqueIdentifier>
    </Filter>
    <Filter Include="Resources">
      <UniqueIdentifier>{97d329b3-5b8c-40b4-8b65-6fbf428de7e5}</UniqueIdentifier>
    </Filter>
  </ItemGroup>
  <ItemGroup>
    <None Include="Resources\README.md">
      <Filter>Resources</Filter>
    </None>
  </ItemGroup>
  <ItemGroup>
    <Image Include="Resources\Field Boundary.png">
      <Filter>Resources</Filter>
    </Image>
    <Image Include="Resources\Yellow Square.png">
      <Filter>Resources</Filter>
    </Image>
    <Image Include="Resources\Green Square.png">
      <Filter>Resources</Filter>
    </Image>
    <Image Include="Resources\Red Square.png">
      <Filter>Resources</Filter>
    </Image>
    <Image Include="Resources\Selection Box.png">
      <Filter>Resources</Filter>
    </Image>
    <Image Include="Resources\Orange Square.png">
      <Filter>Resources</Filter>
    </Image>
    <Image Include="Resources\Purple Square.png">
      <Filter>Resources</Filter>
    </Image>
    <Image Include="Resources\Blue Square.png">
      <Filter>Resources</Filter>
    </Image>
    <Image Include="Resources\Catapult.png">
      <Filter>Resources</Filter>
    </Image>
    <Image Include="Resources\Cheesy Poof.png">
      <Filter>Resources</Filter>
    </Image>
    <Image Include="Resources\Cube.png">
      <Filter>Resources</Filter>
    </Image>
    <Image Include="Resources\Defense Bot.png">
      <Filter>Resources</Filter>
    </Image>
    <Image Include="Resources\Fast Offense Bot.png">
      <Filter>Resources</Filter>
    </Image>
    <Image Include="Resources\FbaseBshoot.png">
      <Filter>Resources</Filter>
    </Image>
    <Image Include="Resources\FbaseGshoot.png">
      <Filter>Resources</Filter>
    </Image>
    <Image Include="Resources\FbaseNshoot.png">
      <Filter>Resources</Filter>
    </Image>
    <Image Include="Resources\Garbage.png">
      <Filter>Resources</Filter>
    </Image>
    <Image Include="Resources\Goal.png">
      <Filter>Resources</Filter>
    </Image>
    <Image Include="Resources\Heavy Defense.png">
      <Filter>Resources</Filter>
    </Image>
    <Image Include="Resources\Normal Shooter.png">
      <Filter>Resources</Filter>
    </Image>
    <Image Include="Resources\Power Up.png">
      <Filter>Resources</Filter>
    </Image>
    <Image Include="Resources\Range Box.png">
      <Filter>Resources</Filter>
    </Image>
    <Image Include="Resources\SbaseBshoot.png">
      <Filter>Resources</Filter>
    </Image>
    <Image Include="Resources\SbaseGshoot.png">
      <Filter>Resources</Filter>
    </Image>
    <Image Include="Resources\SbaseNshoot.png">
      <Filter>Resources</Filter>
    </Image>
    <Image Include="Resources\SFbaseGshoot.png">
      <Filter>Resources</Filter>
    </Image>
    <Image Include="Resources\SFbaseNshoot.png">
      <Filter>Resources</Filter>
    </Image>
    <Image Include="Resources\SFOP.png">
      <Filter>Resources</Filter>
    </Image>
    <Image Include="Resources\Slow Offense Bot.png">
      <Filter>Resources</Filter>
    </Image>
    <Image Include="Resources\Sonic Blast.png">
      <Filter>Resources</Filter>
    </Image>
    <Image Include="Resources\Sonic Squirrels.png">
      <Filter>Resources</Filter>
    </Image>
    <Image Include="Resources\SSbaseGshoot.png">
      <Filter>Resources</Filter>
    </Image>
    <Image Include="Resources\Steamworks.png">
      <Filter>Resources</Filter>
    </Image>
    <Image Include="Resources\Stronghold.png">
      <Filter>Resources</Filter>
    </Image>
    <Image Include="Resources\Super Fast Offense Bot.png">
      <Filter>Resources</Filter>
    </Image>
    <Image Include="Resources\Super Slow Offense Bot.png">
      <Filter>Resources</Filter>
    </Image>
    <Image Include="Resources\Tower 254.png">
      <Filter>Resources</Filter>
    </Image>
    <Image Include="Resources\Turret.png">
      <Filter>Resources</Filter>
    </Image>
    <Image Include="Resources\Ultimate Ascent.png">
      <Filter>Resources</Filter>
    </Image>
    <Image Include="Resources\Bomb Squad.png">
      <Filter>Resources</Filter>
    </Image>
    <Image Include="Resources\Bomb.png">
      <Filter>Resources</Filter>
    </Image>
  </ItemGroup>
  <ItemGroup>
    <Text Include="Obstacle Field Map.txt">
      <Filter>Resources</Filter>
    </Text>
    <Text Include="Waves.txt" />
    <Text Include="Intro.txt">
      <Filter>Resources</Filter>
    </Text>
  </ItemGroup>
</Project>